// !$*UTF8*$!
{
	archiveVersion = 1;
	classes = {
	};
	objectVersion = 46;
	objects = {

/* Begin PBXBuildFile section */
		9668A25B1E7DF54E00B18D30 /* AppDelegate.swift in Sources */ = {isa = PBXBuildFile; fileRef = 9668A25A1E7DF54E00B18D30 /* AppDelegate.swift */; };
		9668A25D1E7DF54E00B18D30 /* ViewController.swift in Sources */ = {isa = PBXBuildFile; fileRef = 9668A25C1E7DF54E00B18D30 /* ViewController.swift */; };
		9668A2601E7DF54E00B18D30 /* Main.storyboard in Resources */ = {isa = PBXBuildFile; fileRef = 9668A25E1E7DF54E00B18D30 /* Main.storyboard */; };
		9668A2621E7DF54E00B18D30 /* Assets.xcassets in Resources */ = {isa = PBXBuildFile; fileRef = 9668A2611E7DF54E00B18D30 /* Assets.xcassets */; };
		9668A2651E7DF54E00B18D30 /* LaunchScreen.storyboard in Resources */ = {isa = PBXBuildFile; fileRef = 9668A2631E7DF54E00B18D30 /* LaunchScreen.storyboard */; };
		9668A26D1E7E89BC00B18D30 /* Minecraft.ttf in Resources */ = {isa = PBXBuildFile; fileRef = 9668A26C1E7E89BC00B18D30 /* Minecraft.ttf */; };
		9668A26F1E7E8E8900B18D30 /* btn.wav in Resources */ = {isa = PBXBuildFile; fileRef = 9668A26E1E7E8E8900B18D30 /* btn.wav */; };
/* End PBXBuildFile section */

/* Begin PBXFileReference section */
		9668A2571E7DF54E00B18D30 /* retroCalculatorClearBtn.app */ = {isa = PBXFileReference; explicitFileType = wrapper.application; includeInIndex = 0; path = retroCalculatorClearBtn.app; sourceTree = BUILT_PRODUCTS_DIR; };
		9668A25A1E7DF54E00B18D30 /* AppDelegate.swift */ = {isa = PBXFileReference; lastKnownFileType = sourcecode.swift; path = AppDelegate.swift; sourceTree = "<group>"; };
		9668A25C1E7DF54E00B18D30 /* ViewController.swift */ = {isa = PBXFileReference; lastKnownFileType = sourcecode.swift; path = ViewController.swift; sourceTree = "<group>"; };
		9668A25F1E7DF54E00B18D30 /* Base */ = {isa = PBXFileReference; lastKnownFileType = file.storyboard; name = Base; path = Base.lproj/Main.storyboard; sourceTree = "<group>"; };
		9668A2611E7DF54E00B18D30 /* Assets.xcassets */ = {isa = PBXFileReference; lastKnownFileType = folder.assetcatalog; path = Assets.xcassets; sourceTree = "<group>"; };
		9668A2641E7DF54E00B18D30 /* Base */ = {isa = PBXFileReference; lastKnownFileType = file.storyboard; name = Base; path = Base.lproj/LaunchScreen.storyboard; sourceTree = "<group>"; };
		9668A2661E7DF54E00B18D30 /* Info.plist */ = {isa = PBXFileReference; lastKnownFileType = text.plist.xml; path = Info.plist; sourceTree = "<group>"; };
		9668A26C1E7E89BC00B18D30 /* Minecraft.ttf */ = {isa = PBXFileReference; lastKnownFileType = file; path = Minecraft.ttf; sourceTree = "<group>"; };
		9668A26E1E7E8E8900B18D30 /* btn.wav */ = {isa = PBXFileReference; lastKnownFileType = audio.wav; path = btn.wav; sourceTree = "<group>"; };
/* End PBXFileReference section */

/* Begin PBXFrameworksBuildPhase section */
		9668A2541E7DF54E00B18D30 /* Frameworks */ = {
			isa = PBXFrameworksBuildPhase;
			buildActionMask = 2147483647;
			files = (
			);
			runOnlyForDeploymentPostprocessing = 0;
		};
/* End PBXFrameworksBuildPhase section */

/* Begin PBXGroup section */
		9668A24E1E7DF54E00B18D30 = {
			isa = PBXGroup;
			children = (
				9668A2591E7DF54E00B18D30 /* retroCalculatorClearBtn */,
				9668A2581E7DF54E00B18D30 /* Products */,
			);
			sourceTree = "<group>";
		};
		9668A2581E7DF54E00B18D30 /* Products */ = {
			isa = PBXGroup;
			children = (
				9668A2571E7DF54E00B18D30 /* retroCalculatorClearBtn.app */,
			);
			name = Products;
			sourceTree = "<group>";
		};
		9668A2591E7DF54E00B18D30 /* retroCalculatorClearBtn */ = {
			isa = PBXGroup;
			children = (
				9668A26E1E7E8E8900B18D30 /* btn.wav */,
				9668A26C1E7E89BC00B18D30 /* Minecraft.ttf */,
				9668A25A1E7DF54E00B18D30 /* AppDelegate.swift */,
				9668A25C1E7DF54E00B18D30 /* ViewController.swift */,
				9668A25E1E7DF54E00B18D30 /* Main.storyboard */,
				9668A2611E7DF54E00B18D30 /* Assets.xcassets */,
				9668A2631E7DF54E00B18D30 /* LaunchScreen.storyboard */,
				9668A2661E7DF54E00B18D30 /* Info.plist */,
			);
			path = retroCalculatorClearBtn;
			sourceTree = "<group>";
		};
/* End PBXGroup section */

/* Begin PBXNativeTarget section */
		9668A2561E7DF54E00B18D30 /* retroCalculatorClearBtn */ = {
			isa = PBXNativeTarget;
			buildConfigurationList = 9668A2691E7DF54E00B18D30 /* Build configuration list for PBXNativeTarget "retroCalculatorClearBtn" */;
			buildPhases = (
				9668A2531E7DF54E00B18D30 /* Sources */,
				9668A2541E7DF54E00B18D30 /* Frameworks */,
				9668A2551E7DF54E00B18D30 /* Resources */,
			);
			buildRules = (
			);
			dependencies = (
			);
			name = retroCalculatorClearBtn;
			productName = retroCalculatorClearBtn;
			productReference = 9668A2571E7DF54E00B18D30 /* retroCalculatorClearBtn.app */;
			productType = "com.apple.product-type.application";
		};
/* End PBXNativeTarget section */

/* Begin PBXProject section */
		9668A24F1E7DF54E00B18D30 /* Project object */ = {
			isa = PBXProject;
			attributes = {
				LastSwiftUpdateCheck = 0820;
				LastUpgradeCheck = 0820;
				ORGANIZATIONNAME = "Sebastian Tracey";
				TargetAttributes = {
					9668A2561E7DF54E00B18D30 = {
						CreatedOnToolsVersion = 8.2.1;
						ProvisioningStyle = Automatic;
					};
				};
			};
			buildConfigurationList = 9668A2521E7DF54E00B18D30 /* Build configuration list for PBXProject "retroCalculatorClearBtn" */;
			compatibilityVersion = "Xcode 3.2";
			developmentRegion = English;
			hasScannedForEncodings = 0;
			knownRegions = (
				en,
				Base,
			);
			mainGroup = 9668A24E1E7DF54E00B18D30;
			productRefGroup = 9668A2581E7DF54E00B18D30 /* Products */;
			projectDirPath = "";
			projectRoot = "";
			targets = (
				9668A2561E7DF54E00B18D30 /* retroCalculatorClearBtn */,
			);
		};
/* End PBXProject section */

/* Begin PBXResourcesBuildPhase section */
		9668A2551E7DF54E00B18D30 /* Resources */ = {
			isa = PBXResourcesBuildPhase;
			buildActionMask = 2147483647;
			files = (
				9668A26F1E7E8E8900B18D30 /* btn.wav in Resources */,
				9668A2651E7DF54E00B18D30 /* LaunchScreen.storyboard in Resources */,
				9668A2621E7DF54E00B18D30 /* Assets.xcassets in Resources */,
				9668A26D1E7E89BC00B18D30 /* Minecraft.ttf in Resources */,
				9668A2601E7DF54E00B18D30 /* Main.storyboard in Resources */,
			);
			runOnlyForDeploymentPostprocessing = 0;
		};
/* End PBXResourcesBuildPhase section */

/* Begin PBXSourcesBuildPhase section */
		9668A2531E7DF54E00B18D30 /* Sources */ = {
			isa = PBXSourcesBuildPhase;
			buildActionMask = 2147483647;
			files = (
				9668A25D1E7DF54E00B18D30 /* ViewController.swift in Sources */,
				9668A25B1E7DF54E00B18D30 /* AppDelegate.swift in Sources */,
			);
			runOnlyForDeploymentPostprocessing = 0;
		};
/* End PBXSourcesBuildPhase section */

/* Begin PBXVariantGroup section */
		9668A25E1E7DF54E00B18D30 /* Main.storyboard */ = {
			isa = PBXVariantGroup;
			children = (
				9668A25F1E7DF54E00B18D30 /* Base */,
			);
			name = Main.storyboard;
			sourceTree = "<group>";
		};
		9668A2631E7DF54E00B18D30 /* LaunchScreen.storyboard */ = {
			isa = PBXVariantGroup;
			children = (
				9668A2641E7DF54E00B18D30 /* Base */,
			);
			name = LaunchScreen.storyboard;
			sourceTree = "<group>";
		};
/* End PBXVariantGroup section */

/* Begin XCBuildConfiguration section */
		9668A2671E7DF54E00B18D30 /* Debug */ = {
			isa = XCBuildConfiguration;
			buildSettings = {
				ALWAYS_SEARCH_USER_PATHS = NO;
				CLANG_ANALYZER_NONNULL = YES;
				CLANG_CXX_LANGUAGE_STANDARD = "gnu++0x";
				CLANG_CXX_LIBRARY = "libc++";
				CLANG_ENABLE_MODULES = YES;
				CLANG_ENABLE_OBJC_ARC = YES;
				CLANG_WARN_BOOL_CONVERSION = YES;
				CLANG_WARN_CONSTANT_CONVERSION = YES;
				CLANG_WARN_DIRECT_OBJC_ISA_USAGE = YES_ERROR;
				CLANG_WARN_DOCUMENTATION_COMMENTS = YES;
				CLANG_WARN_EMPTY_BODY = YES;
				CLANG_WARN_ENUM_CONVERSION = YES;
				CLANG_WARN_INFINITE_RECURSION = YES;
				CLANG_WARN_INT_CONVERSION = YES;
				CLANG_WARN_OBJC_ROOT_CLASS = YES_ERROR;
				CLANG_WARN_SUSPICIOUS_MOVE = YES;
				CLANG_WARN_UNREACHABLE_CODE = YES;
				CLANG_WARN__DUPLICATE_METHOD_MATCH = YES;
				"CODE_SIGN_IDENTITY[sdk=iphoneos*]" = "iPhone Developer";
				COPY_PHASE_STRIP = NO;
				DEBUG_INFORMATION_FORMAT = dwarf;
				ENABLE_STRICT_OBJC_MSGSEND = YES;
				ENABLE_TESTABILITY = YES;
				GCC_C_LANGUAGE_STANDARD = gnu99;
				GCC_DYNAMIC_NO_PIC = NO;
				GCC_NO_COMMON_BLOCKS = YES;
				GCC_OPTIMIZATION_LEVEL = 0;
				GCC_PREPROCESSOR_DEFINITIONS = (
					"DEBUG=1",
					"$(inherited)",
				);
				GCC_WARN_64_TO_32_BIT_CONVERSION = YES;
				GCC_WARN_ABOUT_RETURN_TYPE = YES_ERROR;
				GCC_WARN_UNDECLARED_SELECTOR = YES;
				GCC_WARN_UNINITIALIZED_AUTOS = YES_AGGRESSIVE;
				GCC_WARN_UNUSED_FUNCTION = YES;
				GCC_WARN_UNUSED_VARIABLE = YES;
				IPHONEOS_DEPLOYMENT_TARGET = 10.2;
				MTL_ENABLE_DEBUG_INFO = YES;
				ONLY_ACTIVE_ARCH = YES;
				SDKROOT = iphoneos;
				SWIFT_ACTIVE_COMPILATION_CONDITIONS = DEBUG;
				SWIFT_OPTIMIZATION_LEVEL = "-Onone";
			};
			name = Debug;
		};
		9668A2681E7DF54E00B18D30 /* Release */ = {
			isa = XCBuildConfiguration;
			buildSettings = {
				ALWAYS_SEARCH_USER_PATHS = NO;
				CLANG_ANALYZER_NONNULL = YES;
				CLANG_CXX_LANGUAGE_STANDARD = "gnu++0x";
				CLANG_CXX_LIBRARY = "libc++";
				CLANG_ENABLE_MODULES = YES;
				CLANG_ENABLE_OBJC_ARC = YES;
				CLANG_WARN_BOOL_CONVERSION = YES;
				CLANG_WARN_CONSTANT_CONVERSION = YES;
				CLANG_WARN_DIRECT_OBJC_ISA_USAGE = YES_ERROR;
				CLANG_WARN_DOCUMENTATION_COMMENTS = YES;
				CLANG_WARN_EMPTY_BODY = YES;
				CLANG_WARN_ENUM_CONVERSION = YES;
				CLANG_WARN_INFINITE_RECURSION = YES;
				CLANG_WARN_INT_CONVERSION = YES;
				CLANG_WARN_OBJC_ROOT_CLASS = YES_ERROR;
				CLANG_WARN_SUSPICIOUS_MOVE = YES;
				CLANG_WARN_UNREACHABLE_CODE = YES;
				CLANG_WARN__DUPLICATE_METHOD_MATCH = YES;
				"CODE_SIGN_IDENTITY[sdk=iphoneos*]" = "iPhone Developer";
				COPY_PHASE_STRIP = NO;
				DEBUG_INFORMATION_FORMAT = "dwarf-with-dsym";
				ENABLE_NS_ASSERTIONS = NO;
				ENABLE_STRICT_OBJC_MSGSEND = YES;
				GCC_C_LANGUAGE_STANDARD = gnu99;
				GCC_NO_COMMON_BLOCKS = YES;
				GCC_WARN_64_TO_32_BIT_CONVERSION = YES;
				GCC_WARN_ABOUT_RETURN_TYPE = YES_ERROR;
				GCC_WARN_UNDECLARED_SELECTOR = YES;
				GCC_WARN_UNINITIALIZED_AUTOS = YES_AGGRESSIVE;
				GCC_WARN_UNUSED_FUNCTION = YES;
				GCC_WARN_UNUSED_VARIABLE = YES;
				IPHONEOS_DEPLOYMENT_TARGET = 10.2;
				MTL_ENABLE_DEBUG_INFO = NO;
				SDKROOT = iphoneos;
				SWIFT_OPTIMIZATION_LEVEL = "-Owholemodule";
				VALIDATE_PRODUCT = YES;
			};
			name = Release;
		};
		9668A26A1E7DF54E00B18D30 /* Debug */ = {
			isa = XCBuildConfiguration;
			buildSettings = {
				ASSETCATALOG_COMPILER_APPICON_NAME = AppIcon;
				INFOPLIST_FILE = retroCalculatorClearBtn/Info.plist;
				LD_RUNPATH_SEARCH_PATHS = "$(inherited) @executable_path/Frameworks";
				PRODUCT_BUNDLE_IDENTIFIER = com.UdemyPlayTime.retroCalculatorClearBtn;
				PRODUCT_NAME = "$(TARGET_NAME)";
				SWIFT_VERSION = 3.0;
			};
			name = Debug;
		};
		9668A26B1E7DF54E00B18D30 /* Release */ = {
			isa = XCBuildConfiguration;
			buildSettings = {
				ASSETCATALOG_COMPILER_APPICON_NAME = AppIcon;
				INFOPLIST_FILE = retroCalculatorClearBtn/Info.plist;
				LD_RUNPATH_SEARCH_PATHS = "$(inherited) @executable_path/Frameworks";
				PRODUCT_BUNDLE_IDENTIFIER = com.UdemyPlayTime.retroCalculatorClearBtn;
				PRODUCT_NAME = "$(TARGET_NAME)";
				SWIFT_VERSION = 3.0;
			};
			name = Release;
		};
/* End XCBuildConfiguration section */

/* Begin XCConfigurationList section */
		9668A2521E7DF54E00B18D30 /* Build configuration list for PBXProject "retroCalculatorClearBtn" */ = {
			isa = XCConfigurationList;
			buildConfigurations = (
				9668A2671E7DF54E00B18D30 /* Debug */,
				9668A2681E7DF54E00B18D30 /* Release */,
			);
			defaultConfigurationIsVisible = 0;
			defaultConfigurationName = Release;
		};
		9668A2691E7DF54E00B18D30 /* Build configuration list for PBXNativeTarget "retroCalculatorClearBtn" */ = {
			isa = XCConfigurationList;
			buildConfigurations = (
				9668A26A1E7DF54E00B18D30 /* Debug */,
				9668A26B1E7DF54E00B18D30 /* Release */,
			);
			defaultConfigurationIsVisible = 0;
		};
/* End XCConfigurationList section */
	};
	rootObject = 9668A24F1E7DF54E00B18D30 /* Project object */;
}
